
Microsoft Visual Studio Solution File, Format Version 12.00
# Visual Studio 15
VisualStudioVersion = 15.0.28307.779
MinimumVisualStudioVersion = 10.0.40219.1
Project("{FAE04EC0-301F-11D3-BF4B-00C04F79EFBC}") = "Tester", "Tester\Tester.csproj", "{409CEE0D-0B83-437A-8464-9CC529073AD8}"
EndProject
Global
	GlobalSection(SolutionConfigurationPlatforms) = preSolution
		Debug|Any CPU = Debug|Any CPU
		Release|Any CPU = Release|Any CPU
	EndGlobalSection
	GlobalSection(ProjectConfigurationPlatforms) = postSolution
		{409CEE0D-0B83-437A-8464-9CC529073AD8}.Debug|Any CPU.ActiveCfg = Debug|Any CPU
		{409CEE0D-0B83-437A-8464-9CC529073AD8}.Debug|Any CPU.Build.0 = Debug|Any CPU
		{409CEE0D-0B83-437A-8464-9CC529073AD8}.Release|Any CPU.ActiveCfg = Release|Any CPU
		{409CEE0D-0B83-437A-8464-9CC529073AD8}.Release|Any CPU.Build.0 = Release|Any CPU
	EndGlobalSection
	GlobalSection(SolutionProperties) = preSolution
		HideSolutionNode = FALSE
	EndGlobalSection
	GlobalSection(ExtensibilityGlobals) = postSolution
		SolutionGuid = {D479B80A-59C3-4AC2-9D8D-E3BF52A58C5E}
	EndGlobalSection
EndGlobal
